
Microsoft Visual Studio Solution File, Format Version 12.00
# Visual Studio 15
VisualStudioVersion = 15.0.28307.1259
MinimumVisualStudioVersion = 10.0.40219.1
Project("{FAE04EC0-301F-11D3-BF4B-00C04F79EFBC}") = "RentalKendaraan_022", "RentalKendaraan_022\RentalKendaraan_022.csproj", "{8196BF91-825A-4230-A8DD-E932B9924D55}"
EndProject
Global
	GlobalSection(SolutionConfigurationPlatforms) = preSolution
		Debug|Any CPU = Debug|Any CPU
		Release|Any CPU = Release|Any CPU
	EndGlobalSection
	GlobalSection(ProjectConfigurationPlatforms) = postSolution
		{8196BF91-825A-4230-A8DD-E932B9924D55}.Debug|Any CPU.ActiveCfg = Debug|Any CPU
		{8196BF91-825A-4230-A8DD-E932B9924D55}.Debug|Any CPU.Build.0 = Debug|Any CPU
		{8196BF91-825A-4230-A8DD-E932B9924D55}.Release|Any CPU.ActiveCfg = Release|Any CPU
		{8196BF91-825A-4230-A8DD-E932B9924D55}.Release|Any CPU.Build.0 = Release|Any CPU
	EndGlobalSection
	GlobalSection(SolutionProperties) = preSolution
		HideSolutionNode = FALSE
	EndGlobalSection
	GlobalSection(ExtensibilityGlobals) = postSolution
		SolutionGuid = {BE67D5B8-62E8-472D-ADD4-6E950DC5AAB2}
	EndGlobalSection
EndGlobal
